
Microsoft Visual Studio Solution File, Format Version 12.00
# Visual Studio 2012
Project("{8BC9CEB8-8B4A-11D0-8D11-00A0C91BC942}") = "pe5", "pe5\pe5.vcxproj", "{11D90C8C-8BEE-43A8-A394-D0607139549D}"
EndProject
Global
	GlobalSection(SolutionConfigurationPlatforms) = preSolution
		Debug|Win32 = Debug|Win32
		Release|Win32 = Release|Win32
	EndGlobalSection
	GlobalSection(ProjectConfigurationPlatforms) = postSolution
		{11D90C8C-8BEE-43A8-A394-D0607139549D}.Debug|Win32.ActiveCfg = Debug|Win32
		{11D90C8C-8BEE-43A8-A394-D0607139549D}.Debug|Win32.Build.0 = Debug|Win32
		{11D90C8C-8BEE-43A8-A394-D0607139549D}.Release|Win32.ActiveCfg = Release|Win32
		{11D90C8C-8BEE-43A8-A394-D0607139549D}.Release|Win32.Build.0 = Release|Win32
	EndGlobalSection
	GlobalSection(SolutionProperties) = preSolution
		HideSolutionNode = FALSE
	EndGlobalSection
EndGlobal
