
Microsoft Visual Studio Solution File, Format Version 12.00
# Visual Studio 2012
Project("{8BC9CEB8-8B4A-11D0-8D11-00A0C91BC942}") = "pe20", "pe20\pe20.vcxproj", "{F31CAAB5-6AA0-4742-9ECB-B680C2F7DBE0}"
EndProject
Global
	GlobalSection(SolutionConfigurationPlatforms) = preSolution
		Debug|Win32 = Debug|Win32
		Release|Win32 = Release|Win32
	EndGlobalSection
	GlobalSection(ProjectConfigurationPlatforms) = postSolution
		{F31CAAB5-6AA0-4742-9ECB-B680C2F7DBE0}.Debug|Win32.ActiveCfg = Debug|Win32
		{F31CAAB5-6AA0-4742-9ECB-B680C2F7DBE0}.Debug|Win32.Build.0 = Debug|Win32
		{F31CAAB5-6AA0-4742-9ECB-B680C2F7DBE0}.Release|Win32.ActiveCfg = Release|Win32
		{F31CAAB5-6AA0-4742-9ECB-B680C2F7DBE0}.Release|Win32.Build.0 = Release|Win32
	EndGlobalSection
	GlobalSection(SolutionProperties) = preSolution
		HideSolutionNode = FALSE
	EndGlobalSection
EndGlobal
