
Microsoft Visual Studio Solution File, Format Version 12.00
# Visual Studio 2012
Project("{8BC9CEB8-8B4A-11D0-8D11-00A0C91BC942}") = "pe12", "pe12\pe12.vcxproj", "{C782FBFC-52C5-401B-BBCF-B80F22A84C03}"
EndProject
Global
	GlobalSection(SolutionConfigurationPlatforms) = preSolution
		Debug|Win32 = Debug|Win32
		Release|Win32 = Release|Win32
	EndGlobalSection
	GlobalSection(ProjectConfigurationPlatforms) = postSolution
		{C782FBFC-52C5-401B-BBCF-B80F22A84C03}.Debug|Win32.ActiveCfg = Debug|Win32
		{C782FBFC-52C5-401B-BBCF-B80F22A84C03}.Debug|Win32.Build.0 = Debug|Win32
		{C782FBFC-52C5-401B-BBCF-B80F22A84C03}.Release|Win32.ActiveCfg = Release|Win32
		{C782FBFC-52C5-401B-BBCF-B80F22A84C03}.Release|Win32.Build.0 = Release|Win32
	EndGlobalSection
	GlobalSection(SolutionProperties) = preSolution
		HideSolutionNode = FALSE
	EndGlobalSection
EndGlobal
